// !$*UTF8*$!
{
	archiveVersion = 1;
	classes = {
	};
	objectVersion = 55;
	objects = {

/* Begin PBXBuildFile section */
		0F423B91C120EFBF41A01003 /* Pods_Instagram.framework in Frameworks */ = {isa = PBXBuildFile; fileRef = 39812E7696CDA6E8B53AB5D6 /* Pods_Instagram.framework */; };
		6883A9A63CA0C46D7C065F6D /* Pods_Instagram_InstagramUITests.framework in Frameworks */ = {isa = PBXBuildFile; fileRef = F69C7001E39FFCD90AC3C6BD /* Pods_Instagram_InstagramUITests.framework */; };
		E91D434157D42F42E262CFEC /* Pods_InstagramTests.framework in Frameworks */ = {isa = PBXBuildFile; fileRef = 4C13B9DC9632280A13774161 /* Pods_InstagramTests.framework */; };
		F6A0C98227EEBEB8006C8CAC /* AppDelegate.swift in Sources */ = {isa = PBXBuildFile; fileRef = F6A0C98127EEBEB8006C8CAC /* AppDelegate.swift */; };
		F6A0C98427EEBEB8006C8CAC /* SceneDelegate.swift in Sources */ = {isa = PBXBuildFile; fileRef = F6A0C98327EEBEB8006C8CAC /* SceneDelegate.swift */; };
		F6A0C98927EEBEB8006C8CAC /* Main.storyboard in Resources */ = {isa = PBXBuildFile; fileRef = F6A0C98727EEBEB8006C8CAC /* Main.storyboard */; };
		F6A0C98B27EEBEBA006C8CAC /* Assets.xcassets in Resources */ = {isa = PBXBuildFile; fileRef = F6A0C98A27EEBEBA006C8CAC /* Assets.xcassets */; };
		F6A0C98E27EEBEBA006C8CAC /* LaunchScreen.storyboard in Resources */ = {isa = PBXBuildFile; fileRef = F6A0C98C27EEBEBA006C8CAC /* LaunchScreen.storyboard */; };
		F6A0C99927EEBEBA006C8CAC /* InstagramTests.swift in Sources */ = {isa = PBXBuildFile; fileRef = F6A0C99827EEBEBA006C8CAC /* InstagramTests.swift */; };
		F6A0C9A327EEBEBA006C8CAC /* InstagramUITests.swift in Sources */ = {isa = PBXBuildFile; fileRef = F6A0C9A227EEBEBA006C8CAC /* InstagramUITests.swift */; };
		F6A0C9A527EEBEBA006C8CAC /* InstagramUITestsLaunchTests.swift in Sources */ = {isa = PBXBuildFile; fileRef = F6A0C9A427EEBEBA006C8CAC /* InstagramUITestsLaunchTests.swift */; };
		F6E6274C27EEC247008A656D /* LoginViewController.swift in Sources */ = {isa = PBXBuildFile; fileRef = F6E6274B27EEC247008A656D /* LoginViewController.swift */; };
		F6E6274E27EEC26F008A656D /* FeedViewController.swift in Sources */ = {isa = PBXBuildFile; fileRef = F6E6274D27EEC26F008A656D /* FeedViewController.swift */; };
		F6E6275027EECE8A008A656D /* CameraViewController.swift in Sources */ = {isa = PBXBuildFile; fileRef = F6E6274F27EECE8A008A656D /* CameraViewController.swift */; };
		F6E6275227EEDD7A008A656D /* PostCell.swift in Sources */ = {isa = PBXBuildFile; fileRef = F6E6275127EEDD7A008A656D /* PostCell.swift */; };
/* End PBXBuildFile section */

/* Begin PBXContainerItemProxy section */
		F6A0C99527EEBEBA006C8CAC /* PBXContainerItemProxy */ = {
			isa = PBXContainerItemProxy;
			containerPortal = F6A0C97627EEBEB8006C8CAC /* Project object */;
			proxyType = 1;
			remoteGlobalIDString = F6A0C97D27EEBEB8006C8CAC;
			remoteInfo = Instagram;
		};
		F6A0C99F27EEBEBA006C8CAC /* PBXContainerItemProxy */ = {
			isa = PBXContainerItemProxy;
			containerPortal = F6A0C97627EEBEB8006C8CAC /* Project object */;
			proxyType = 1;
			remoteGlobalIDString = F6A0C97D27EEBEB8006C8CAC;
			remoteInfo = Instagram;
		};
/* End PBXContainerItemProxy section */

/* Begin PBXFileReference section */
		1436DC8D49862F7EC1DA0132 /* Pods-Instagram-InstagramUITests.debug.xcconfig */ = {isa = PBXFileReference; includeInIndex = 1; lastKnownFileType = text.xcconfig; name = "Pods-Instagram-InstagramUITests.debug.xcconfig"; path = "Target Support Files/Pods-Instagram-InstagramUITests/Pods-Instagram-InstagramUITests.debug.xcconfig"; sourceTree = "<group>"; };
		1B413FF9B7033F91666FD292 /* Pods-Instagram-InstagramUITests.release.xcconfig */ = {isa = PBXFileReference; includeInIndex = 1; lastKnownFileType = text.xcconfig; name = "Pods-Instagram-InstagramUITests.release.xcconfig"; path = "Target Support Files/Pods-Instagram-InstagramUITests/Pods-Instagram-InstagramUITests.release.xcconfig"; sourceTree = "<group>"; };
		39812E7696CDA6E8B53AB5D6 /* Pods_Instagram.framework */ = {isa = PBXFileReference; explicitFileType = wrapper.framework; includeInIndex = 0; path = Pods_Instagram.framework; sourceTree = BUILT_PRODUCTS_DIR; };
		4239F5F8D2ACE716763EC03A /* Pods-Instagram.release.xcconfig */ = {isa = PBXFileReference; includeInIndex = 1; lastKnownFileType = text.xcconfig; name = "Pods-Instagram.release.xcconfig"; path = "Target Support Files/Pods-Instagram/Pods-Instagram.release.xcconfig"; sourceTree = "<group>"; };
		4C13B9DC9632280A13774161 /* Pods_InstagramTests.framework */ = {isa = PBXFileReference; explicitFileType = wrapper.framework; includeInIndex = 0; path = Pods_InstagramTests.framework; sourceTree = BUILT_PRODUCTS_DIR; };
		60803972429BF1D22CDD8EC9 /* Pods-InstagramTests.release.xcconfig */ = {isa = PBXFileReference; includeInIndex = 1; lastKnownFileType = text.xcconfig; name = "Pods-InstagramTests.release.xcconfig"; path = "Target Support Files/Pods-InstagramTests/Pods-InstagramTests.release.xcconfig"; sourceTree = "<group>"; };
		9248A7567CCF5B9BD87583D6 /* Pods-Instagram.debug.xcconfig */ = {isa = PBXFileReference; includeInIndex = 1; lastKnownFileType = text.xcconfig; name = "Pods-Instagram.debug.xcconfig"; path = "Target Support Files/Pods-Instagram/Pods-Instagram.debug.xcconfig"; sourceTree = "<group>"; };
		D2DD503E38F2633A7DD287BE /* Pods-InstagramTests.debug.xcconfig */ = {isa = PBXFileReference; includeInIndex = 1; lastKnownFileType = text.xcconfig; name = "Pods-InstagramTests.debug.xcconfig"; path = "Target Support Files/Pods-InstagramTests/Pods-InstagramTests.debug.xcconfig"; sourceTree = "<group>"; };
		F69C7001E39FFCD90AC3C6BD /* Pods_Instagram_InstagramUITests.framework */ = {isa = PBXFileReference; explicitFileType = wrapper.framework; includeInIndex = 0; path = Pods_Instagram_InstagramUITests.framework; sourceTree = BUILT_PRODUCTS_DIR; };
		F6A0C97E27EEBEB8006C8CAC /* Instagram.app */ = {isa = PBXFileReference; explicitFileType = wrapper.application; includeInIndex = 0; path = Instagram.app; sourceTree = BUILT_PRODUCTS_DIR; };
		F6A0C98127EEBEB8006C8CAC /* AppDelegate.swift */ = {isa = PBXFileReference; lastKnownFileType = sourcecode.swift; path = AppDelegate.swift; sourceTree = "<group>"; };
		F6A0C98327EEBEB8006C8CAC /* SceneDelegate.swift */ = {isa = PBXFileReference; lastKnownFileType = sourcecode.swift; path = SceneDelegate.swift; sourceTree = "<group>"; };
		F6A0C98827EEBEB8006C8CAC /* Base */ = {isa = PBXFileReference; lastKnownFileType = file.storyboard; name = Base; path = Base.lproj/Main.storyboard; sourceTree = "<group>"; };
		F6A0C98A27EEBEBA006C8CAC /* Assets.xcassets */ = {isa = PBXFileReference; lastKnownFileType = folder.assetcatalog; path = Assets.xcassets; sourceTree = "<group>"; };
		F6A0C98D27EEBEBA006C8CAC /* Base */ = {isa = PBXFileReference; lastKnownFileType = file.storyboard; name = Base; path = Base.lproj/LaunchScreen.storyboard; sourceTree = "<group>"; };
		F6A0C98F27EEBEBA006C8CAC /* Info.plist */ = {isa = PBXFileReference; lastKnownFileType = text.plist.xml; path = Info.plist; sourceTree = "<group>"; };
		F6A0C99427EEBEBA006C8CAC /* InstagramTests.xctest */ = {isa = PBXFileReference; explicitFileType = wrapper.cfbundle; includeInIndex = 0; path = InstagramTests.xctest; sourceTree = BUILT_PRODUCTS_DIR; };
		F6A0C99827EEBEBA006C8CAC /* InstagramTests.swift */ = {isa = PBXFileReference; lastKnownFileType = sourcecode.swift; path = InstagramTests.swift; sourceTree = "<group>"; };
		F6A0C99E27EEBEBA006C8CAC /* InstagramUITests.xctest */ = {isa = PBXFileReference; explicitFileType = wrapper.cfbundle; includeInIndex = 0; path = InstagramUITests.xctest; sourceTree = BUILT_PRODUCTS_DIR; };
		F6A0C9A227EEBEBA006C8CAC /* InstagramUITests.swift */ = {isa = PBXFileReference; lastKnownFileType = sourcecode.swift; path = InstagramUITests.swift; sourceTree = "<group>"; };
		F6A0C9A427EEBEBA006C8CAC /* InstagramUITestsLaunchTests.swift */ = {isa = PBXFileReference; lastKnownFileType = sourcecode.swift; path = InstagramUITestsLaunchTests.swift; sourceTree = "<group>"; };
		F6E6274B27EEC247008A656D /* LoginViewController.swift */ = {isa = PBXFileReference; lastKnownFileType = sourcecode.swift; path = LoginViewController.swift; sourceTree = "<group>"; };
		F6E6274D27EEC26F008A656D /* FeedViewController.swift */ = {isa = PBXFileReference; lastKnownFileType = sourcecode.swift; path = FeedViewController.swift; sourceTree = "<group>"; };
		F6E6274F27EECE8A008A656D /* CameraViewController.swift */ = {isa = PBXFileReference; lastKnownFileType = sourcecode.swift; path = CameraViewController.swift; sourceTree = "<group>"; };
		F6E6275127EEDD7A008A656D /* PostCell.swift */ = {isa = PBXFileReference; lastKnownFileType = sourcecode.swift; path = PostCell.swift; sourceTree = "<group>"; };
/* End PBXFileReference section */

/* Begin PBXFrameworksBuildPhase section */
		F6A0C97B27EEBEB8006C8CAC /* Frameworks */ = {
			isa = PBXFrameworksBuildPhase;
			buildActionMask = 2147483647;
			files = (
				0F423B91C120EFBF41A01003 /* Pods_Instagram.framework in Frameworks */,
			);
			runOnlyForDeploymentPostprocessing = 0;
		};
		F6A0C99127EEBEBA006C8CAC /* Frameworks */ = {
			isa = PBXFrameworksBuildPhase;
			buildActionMask = 2147483647;
			files = (
				E91D434157D42F42E262CFEC /* Pods_InstagramTests.framework in Frameworks */,
			);
			runOnlyForDeploymentPostprocessing = 0;
		};
		F6A0C99B27EEBEBA006C8CAC /* Frameworks */ = {
			isa = PBXFrameworksBuildPhase;
			buildActionMask = 2147483647;
			files = (
				6883A9A63CA0C46D7C065F6D /* Pods_Instagram_InstagramUITests.framework in Frameworks */,
			);
			runOnlyForDeploymentPostprocessing = 0;
		};
/* End PBXFrameworksBuildPhase section */

/* Begin PBXGroup section */
		BCD3030BE5777163CD744E01 /* Pods */ = {
			isa = PBXGroup;
			children = (
				9248A7567CCF5B9BD87583D6 /* Pods-Instagram.debug.xcconfig */,
				4239F5F8D2ACE716763EC03A /* Pods-Instagram.release.xcconfig */,
				1436DC8D49862F7EC1DA0132 /* Pods-Instagram-InstagramUITests.debug.xcconfig */,
				1B413FF9B7033F91666FD292 /* Pods-Instagram-InstagramUITests.release.xcconfig */,
				D2DD503E38F2633A7DD287BE /* Pods-InstagramTests.debug.xcconfig */,
				60803972429BF1D22CDD8EC9 /* Pods-InstagramTests.release.xcconfig */,
			);
			path = Pods;
			sourceTree = "<group>";
		};
		E21A53FF3E1D3582B7A12D7F /* Frameworks */ = {
			isa = PBXGroup;
			children = (
				39812E7696CDA6E8B53AB5D6 /* Pods_Instagram.framework */,
				F69C7001E39FFCD90AC3C6BD /* Pods_Instagram_InstagramUITests.framework */,
				4C13B9DC9632280A13774161 /* Pods_InstagramTests.framework */,
			);
			name = Frameworks;
			sourceTree = "<group>";
		};
		F6A0C97527EEBEB8006C8CAC = {
			isa = PBXGroup;
			children = (
				F6A0C98027EEBEB8006C8CAC /* Instagram */,
				F6A0C99727EEBEBA006C8CAC /* InstagramTests */,
				F6A0C9A127EEBEBA006C8CAC /* InstagramUITests */,
				F6A0C97F27EEBEB8006C8CAC /* Products */,
				BCD3030BE5777163CD744E01 /* Pods */,
				E21A53FF3E1D3582B7A12D7F /* Frameworks */,
			);
			sourceTree = "<group>";
		};
		F6A0C97F27EEBEB8006C8CAC /* Products */ = {
			isa = PBXGroup;
			children = (
				F6A0C97E27EEBEB8006C8CAC /* Instagram.app */,
				F6A0C99427EEBEBA006C8CAC /* InstagramTests.xctest */,
				F6A0C99E27EEBEBA006C8CAC /* InstagramUITests.xctest */,
			);
			name = Products;
			sourceTree = "<group>";
		};
		F6A0C98027EEBEB8006C8CAC /* Instagram */ = {
			isa = PBXGroup;
			children = (
				F6A0C98127EEBEB8006C8CAC /* AppDelegate.swift */,
				F6A0C98327EEBEB8006C8CAC /* SceneDelegate.swift */,
				F6A0C98727EEBEB8006C8CAC /* Main.storyboard */,
				F6E6275127EEDD7A008A656D /* PostCell.swift */,
				F6E6274F27EECE8A008A656D /* CameraViewController.swift */,
				F6E6274B27EEC247008A656D /* LoginViewController.swift */,
				F6E6274D27EEC26F008A656D /* FeedViewController.swift */,
				F6A0C98A27EEBEBA006C8CAC /* Assets.xcassets */,
				F6A0C98C27EEBEBA006C8CAC /* LaunchScreen.storyboard */,
				F6A0C98F27EEBEBA006C8CAC /* Info.plist */,
			);
			path = Instagram;
			sourceTree = "<group>";
		};
		F6A0C99727EEBEBA006C8CAC /* InstagramTests */ = {
			isa = PBXGroup;
			children = (
				F6A0C99827EEBEBA006C8CAC /* InstagramTests.swift */,
			);
			path = InstagramTests;
			sourceTree = "<group>";
		};
		F6A0C9A127EEBEBA006C8CAC /* InstagramUITests */ = {
			isa = PBXGroup;
			children = (
				F6A0C9A227EEBEBA006C8CAC /* InstagramUITests.swift */,
				F6A0C9A427EEBEBA006C8CAC /* InstagramUITestsLaunchTests.swift */,
			);
			path = InstagramUITests;
			sourceTree = "<group>";
		};
/* End PBXGroup section */

/* Begin PBXNativeTarget section */
		F6A0C97D27EEBEB8006C8CAC /* Instagram */ = {
			isa = PBXNativeTarget;
			buildConfigurationList = F6A0C9A827EEBEBA006C8CAC /* Build configuration list for PBXNativeTarget "Instagram" */;
			buildPhases = (
				50DD8DF5660976DEC9414656 /* [CP] Check Pods Manifest.lock */,
				F6A0C97A27EEBEB8006C8CAC /* Sources */,
				F6A0C97B27EEBEB8006C8CAC /* Frameworks */,
				F6A0C97C27EEBEB8006C8CAC /* Resources */,
				9F8CC8C7D2112DEFC224AC32 /* [CP] Embed Pods Frameworks */,
			);
			buildRules = (
			);
			dependencies = (
			);
			name = Instagram;
			productName = Instagram;
			productReference = F6A0C97E27EEBEB8006C8CAC /* Instagram.app */;
			productType = "com.apple.product-type.application";
		};
		F6A0C99327EEBEBA006C8CAC /* InstagramTests */ = {
			isa = PBXNativeTarget;
			buildConfigurationList = F6A0C9AB27EEBEBA006C8CAC /* Build configuration list for PBXNativeTarget "InstagramTests" */;
			buildPhases = (
				4D1E0032DDDF98D00FD9A07F /* [CP] Check Pods Manifest.lock */,
				F6A0C99027EEBEBA006C8CAC /* Sources */,
				F6A0C99127EEBEBA006C8CAC /* Frameworks */,
				F6A0C99227EEBEBA006C8CAC /* Resources */,
			);
			buildRules = (
			);
			dependencies = (
				F6A0C99627EEBEBA006C8CAC /* PBXTargetDependency */,
			);
			name = InstagramTests;
			productName = InstagramTests;
			productReference = F6A0C99427EEBEBA006C8CAC /* InstagramTests.xctest */;
			productType = "com.apple.product-type.bundle.unit-test";
		};
		F6A0C99D27EEBEBA006C8CAC /* InstagramUITests */ = {
			isa = PBXNativeTarget;
			buildConfigurationList = F6A0C9AE27EEBEBA006C8CAC /* Build configuration list for PBXNativeTarget "InstagramUITests" */;
			buildPhases = (
				B12BA0477F648E3D913CB87F /* [CP] Check Pods Manifest.lock */,
				F6A0C99A27EEBEBA006C8CAC /* Sources */,
				F6A0C99B27EEBEBA006C8CAC /* Frameworks */,
				F6A0C99C27EEBEBA006C8CAC /* Resources */,
				D785325F1FD0C15F076AF4C3 /* [CP] Embed Pods Frameworks */,
			);
			buildRules = (
			);
			dependencies = (
				F6A0C9A027EEBEBA006C8CAC /* PBXTargetDependency */,
			);
			name = InstagramUITests;
			productName = InstagramUITests;
			productReference = F6A0C99E27EEBEBA006C8CAC /* InstagramUITests.xctest */;
			productType = "com.apple.product-type.bundle.ui-testing";
		};
/* End PBXNativeTarget section */

/* Begin PBXProject section */
		F6A0C97627EEBEB8006C8CAC /* Project object */ = {
			isa = PBXProject;
			attributes = {
				BuildIndependentTargetsInParallel = 1;
				LastSwiftUpdateCheck = 1330;
				LastUpgradeCheck = 1330;
				TargetAttributes = {
					F6A0C97D27EEBEB8006C8CAC = {
						CreatedOnToolsVersion = 13.3;
					};
					F6A0C99327EEBEBA006C8CAC = {
						CreatedOnToolsVersion = 13.3;
						TestTargetID = F6A0C97D27EEBEB8006C8CAC;
					};
					F6A0C99D27EEBEBA006C8CAC = {
						CreatedOnToolsVersion = 13.3;
						TestTargetID = F6A0C97D27EEBEB8006C8CAC;
					};
				};
			};
			buildConfigurationList = F6A0C97927EEBEB8006C8CAC /* Build configuration list for PBXProject "Instagram" */;
			compatibilityVersion = "Xcode 13.0";
			developmentRegion = en;
			hasScannedForEncodings = 0;
			knownRegions = (
				en,
				Base,
			);
			mainGroup = F6A0C97527EEBEB8006C8CAC;
			productRefGroup = F6A0C97F27EEBEB8006C8CAC /* Products */;
			projectDirPath = "";
			projectRoot = "";
			targets = (
				F6A0C97D27EEBEB8006C8CAC /* Instagram */,
				F6A0C99327EEBEBA006C8CAC /* InstagramTests */,
				F6A0C99D27EEBEBA006C8CAC /* InstagramUITests */,
			);
		};
/* End PBXProject section */

/* Begin PBXResourcesBuildPhase section */
		F6A0C97C27EEBEB8006C8CAC /* Resources */ = {
			isa = PBXResourcesBuildPhase;
			buildActionMask = 2147483647;
			files = (
				F6A0C98E27EEBEBA006C8CAC /* LaunchScreen.storyboard in Resources */,
				F6A0C98B27EEBEBA006C8CAC /* Assets.xcassets in Resources */,
				F6A0C98927EEBEB8006C8CAC /* Main.storyboard in Resources */,
			);
			runOnlyForDeploymentPostprocessing = 0;
		};
		F6A0C99227EEBEBA006C8CAC /* Resources */ = {
			isa = PBXResourcesBuildPhase;
			buildActionMask = 2147483647;
			files = (
			);
			runOnlyForDeploymentPostprocessing = 0;
		};
		F6A0C99C27EEBEBA006C8CAC /* Resources */ = {
			isa = PBXResourcesBuildPhase;
			buildActionMask = 2147483647;
			files = (
			);
			runOnlyForDeploymentPostprocessing = 0;
		};
/* End PBXResourcesBuildPhase section */

/* Begin PBXShellScriptBuildPhase section */
		4D1E0032DDDF98D00FD9A07F /* [CP] Check Pods Manifest.lock */ = {
			isa = PBXShellScriptBuildPhase;
			buildActionMask = 2147483647;
			files = (
			);
			inputFileListPaths = (
			);
			inputPaths = (
				"${PODS_PODFILE_DIR_PATH}/Podfile.lock",
				"${PODS_ROOT}/Manifest.lock",
			);
			name = "[CP] Check Pods Manifest.lock";
			outputFileListPaths = (
			);
			outputPaths = (
				"$(DERIVED_FILE_DIR)/Pods-InstagramTests-checkManifestLockResult.txt",
			);
			runOnlyForDeploymentPostprocessing = 0;
			shellPath = /bin/sh;
			shellScript = "diff \"${PODS_PODFILE_DIR_PATH}/Podfile.lock\" \"${PODS_ROOT}/Manifest.lock\" > /dev/null\nif [ $? != 0 ] ; then\n    # print error to STDERR\n    echo \"error: The sandbox is not in sync with the Podfile.lock. Run 'pod install' or update your CocoaPods installation.\" >&2\n    exit 1\nfi\n# This output is used by Xcode 'outputs' to avoid re-running this script phase.\necho \"SUCCESS\" > \"${SCRIPT_OUTPUT_FILE_0}\"\n";
			showEnvVarsInLog = 0;
		};
		50DD8DF5660976DEC9414656 /* [CP] Check Pods Manifest.lock */ = {
			isa = PBXShellScriptBuildPhase;
			buildActionMask = 2147483647;
			files = (
			);
			inputFileListPaths = (
			);
			inputPaths = (
				"${PODS_PODFILE_DIR_PATH}/Podfile.lock",
				"${PODS_ROOT}/Manifest.lock",
			);
			name = "[CP] Check Pods Manifest.lock";
			outputFileListPaths = (
			);
			outputPaths = (
				"$(DERIVED_FILE_DIR)/Pods-Instagram-checkManifestLockResult.txt",
			);
			runOnlyForDeploymentPostprocessing = 0;
			shellPath = /bin/sh;
			shellScript = "diff \"${PODS_PODFILE_DIR_PATH}/Podfile.lock\" \"${PODS_ROOT}/Manifest.lock\" > /dev/null\nif [ $? != 0 ] ; then\n    # print error to STDERR\n    echo \"error: The sandbox is not in sync with the Podfile.lock. Run 'pod install' or update your CocoaPods installation.\" >&2\n    exit 1\nfi\n# This output is used by Xcode 'outputs' to avoid re-running this script phase.\necho \"SUCCESS\" > \"${SCRIPT_OUTPUT_FILE_0}\"\n";
			showEnvVarsInLog = 0;
		};
		9F8CC8C7D2112DEFC224AC32 /* [CP] Embed Pods Frameworks */ = {
			isa = PBXShellScriptBuildPhase;
			buildActionMask = 2147483647;
			files = (
			);
			inputFileListPaths = (
				"${PODS_ROOT}/Target Support Files/Pods-Instagram/Pods-Instagram-frameworks-${CONFIGURATION}-input-files.xcfilelist",
			);
			name = "[CP] Embed Pods Frameworks";
			outputFileListPaths = (
				"${PODS_ROOT}/Target Support Files/Pods-Instagram/Pods-Instagram-frameworks-${CONFIGURATION}-output-files.xcfilelist",
			);
			runOnlyForDeploymentPostprocessing = 0;
			shellPath = /bin/sh;
			shellScript = "\"${PODS_ROOT}/Target Support Files/Pods-Instagram/Pods-Instagram-frameworks.sh\"\n";
			showEnvVarsInLog = 0;
		};
		B12BA0477F648E3D913CB87F /* [CP] Check Pods Manifest.lock */ = {
			isa = PBXShellScriptBuildPhase;
			buildActionMask = 2147483647;
			files = (
			);
			inputFileListPaths = (
			);
			inputPaths = (
				"${PODS_PODFILE_DIR_PATH}/Podfile.lock",
				"${PODS_ROOT}/Manifest.lock",
			);
			name = "[CP] Check Pods Manifest.lock";
			outputFileListPaths = (
			);
			outputPaths = (
				"$(DERIVED_FILE_DIR)/Pods-Instagram-InstagramUITests-checkManifestLockResult.txt",
			);
			runOnlyForDeploymentPostprocessing = 0;
			shellPath = /bin/sh;
			shellScript = "diff \"${PODS_PODFILE_DIR_PATH}/Podfile.lock\" \"${PODS_ROOT}/Manifest.lock\" > /dev/null\nif [ $? != 0 ] ; then\n    # print error to STDERR\n    echo \"error: The sandbox is not in sync with the Podfile.lock. Run 'pod install' or update your CocoaPods installation.\" >&2\n    exit 1\nfi\n# This output is used by Xcode 'outputs' to avoid re-running this script phase.\necho \"SUCCESS\" > \"${SCRIPT_OUTPUT_FILE_0}\"\n";
			showEnvVarsInLog = 0;
		};
		D785325F1FD0C15F076AF4C3 /* [CP] Embed Pods Frameworks */ = {
			isa = PBXShellScriptBuildPhase;
			buildActionMask = 2147483647;
			files = (
			);
			inputFileListPaths = (
				"${PODS_ROOT}/Target Support Files/Pods-Instagram-InstagramUITests/Pods-Instagram-InstagramUITests-frameworks-${CONFIGURATION}-input-files.xcfilelist",
			);
			name = "[CP] Embed Pods Frameworks";
			outputFileListPaths = (
				"${PODS_ROOT}/Target Support Files/Pods-Instagram-InstagramUITests/Pods-Instagram-InstagramUITests-frameworks-${CONFIGURATION}-output-files.xcfilelist",
			);
			runOnlyForDeploymentPostprocessing = 0;
			shellPath = /bin/sh;
			shellScript = "\"${PODS_ROOT}/Target Support Files/Pods-Instagram-InstagramUITests/Pods-Instagram-InstagramUITests-frameworks.sh\"\n";
			showEnvVarsInLog = 0;
		};
/* End PBXShellScriptBuildPhase section */

/* Begin PBXSourcesBuildPhase section */
		F6A0C97A27EEBEB8006C8CAC /* Sources */ = {
			isa = PBXSourcesBuildPhase;
			buildActionMask = 2147483647;
			files = (
				F6E6274C27EEC247008A656D /* LoginViewController.swift in Sources */,
				F6E6275027EECE8A008A656D /* CameraViewController.swift in Sources */,
				F6A0C98227EEBEB8006C8CAC /* AppDelegate.swift in Sources */,
				F6E6274E27EEC26F008A656D /* FeedViewController.swift in Sources */,
				F6A0C98427EEBEB8006C8CAC /* SceneDelegate.swift in Sources */,
				F6E6275227EEDD7A008A656D /* PostCell.swift in Sources */,
			);
			runOnlyForDeploymentPostprocessing = 0;
		};
		F6A0C99027EEBEBA006C8CAC /* Sources */ = {
			isa = PBXSourcesBuildPhase;
			buildActionMask = 2147483647;
			files = (
				F6A0C99927EEBEBA006C8CAC /* InstagramTests.swift in Sources */,
			);
			runOnlyForDeploymentPostprocessing = 0;
		};
		F6A0C99A27EEBEBA006C8CAC /* Sources */ = {
			isa = PBXSourcesBuildPhase;
			buildActionMask = 2147483647;
			files = (
				F6A0C9A327EEBEBA006C8CAC /* InstagramUITests.swift in Sources */,
				F6A0C9A527EEBEBA006C8CAC /* InstagramUITestsLaunchTests.swift in Sources */,
			);
			runOnlyForDeploymentPostprocessing = 0;
		};
/* End PBXSourcesBuildPhase section */

/* Begin PBXTargetDependency section */
		F6A0C99627EEBEBA006C8CAC /* PBXTargetDependency */ = {
			isa = PBXTargetDependency;
			target = F6A0C97D27EEBEB8006C8CAC /* Instagram */;
			targetProxy = F6A0C99527EEBEBA006C8CAC /* PBXContainerItemProxy */;
		};
		F6A0C9A027EEBEBA006C8CAC /* PBXTargetDependency */ = {
			isa = PBXTargetDependency;
			target = F6A0C97D27EEBEB8006C8CAC /* Instagram */;
			targetProxy = F6A0C99F27EEBEBA006C8CAC /* PBXContainerItemProxy */;
		};
/* End PBXTargetDependency section */

/* Begin PBXVariantGroup section */
		F6A0C98727EEBEB8006C8CAC /* Main.storyboard */ = {
			isa = PBXVariantGroup;
			children = (
				F6A0C98827EEBEB8006C8CAC /* Base */,
			);
			name = Main.storyboard;
			sourceTree = "<group>";
		};
		F6A0C98C27EEBEBA006C8CAC /* LaunchScreen.storyboard */ = {
			isa = PBXVariantGroup;
			children = (
				F6A0C98D27EEBEBA006C8CAC /* Base */,
			);
			name = LaunchScreen.storyboard;
			sourceTree = "<group>";
		};
/* End PBXVariantGroup section */

/* Begin XCBuildConfiguration section */
		F6A0C9A627EEBEBA006C8CAC /* Debug */ = {
			isa = XCBuildConfiguration;
			buildSettings = {
				ALWAYS_SEARCH_USER_PATHS = NO;
				CLANG_ANALYZER_NONNULL = YES;
				CLANG_ANALYZER_NUMBER_OBJECT_CONVERSION = YES_AGGRESSIVE;
				CLANG_CXX_LANGUAGE_STANDARD = "gnu++17";
				CLANG_ENABLE_MODULES = YES;
				CLANG_ENABLE_OBJC_ARC = YES;
				CLANG_ENABLE_OBJC_WEAK = YES;
				CLANG_WARN_BLOCK_CAPTURE_AUTORELEASING = YES;
				CLANG_WARN_BOOL_CONVERSION = YES;
				CLANG_WARN_COMMA = YES;
				CLANG_WARN_CONSTANT_CONVERSION = YES;
				CLANG_WARN_DEPRECATED_OBJC_IMPLEMENTATIONS = YES;
				CLANG_WARN_DIRECT_OBJC_ISA_USAGE = YES_ERROR;
				CLANG_WARN_DOCUMENTATION_COMMENTS = YES;
				CLANG_WARN_EMPTY_BODY = YES;
				CLANG_WARN_ENUM_CONVERSION = YES;
				CLANG_WARN_INFINITE_RECURSION = YES;
				CLANG_WARN_INT_CONVERSION = YES;
				CLANG_WARN_NON_LITERAL_NULL_CONVERSION = YES;
				CLANG_WARN_OBJC_IMPLICIT_RETAIN_SELF = YES;
				CLANG_WARN_OBJC_LITERAL_CONVERSION = YES;
				CLANG_WARN_OBJC_ROOT_CLASS = YES_ERROR;
				CLANG_WARN_QUOTED_INCLUDE_IN_FRAMEWORK_HEADER = YES;
				CLANG_WARN_RANGE_LOOP_ANALYSIS = YES;
				CLANG_WARN_STRICT_PROTOTYPES = YES;
				CLANG_WARN_SUSPICIOUS_MOVE = YES;
				CLANG_WARN_UNGUARDED_AVAILABILITY = YES_AGGRESSIVE;
				CLANG_WARN_UNREACHABLE_CODE = YES;
				CLANG_WARN__DUPLICATE_METHOD_MATCH = YES;
				COPY_PHASE_STRIP = NO;
				DEBUG_INFORMATION_FORMAT = dwarf;
				ENABLE_STRICT_OBJC_MSGSEND = YES;
				ENABLE_TESTABILITY = YES;
				GCC_C_LANGUAGE_STANDARD = gnu11;
				GCC_DYNAMIC_NO_PIC = NO;
				GCC_NO_COMMON_BLOCKS = YES;
				GCC_OPTIMIZATION_LEVEL = 0;
				GCC_PREPROCESSOR_DEFINITIONS = (
					"DEBUG=1",
					"$(inherited)",
				);
				GCC_WARN_64_TO_32_BIT_CONVERSION = YES;
				GCC_WARN_ABOUT_RETURN_TYPE = YES_ERROR;
				GCC_WARN_UNDECLARED_SELECTOR = YES;
				GCC_WARN_UNINITIALIZED_AUTOS = YES_AGGRESSIVE;
				GCC_WARN_UNUSED_FUNCTION = YES;
				GCC_WARN_UNUSED_VARIABLE = YES;
				IPHONEOS_DEPLOYMENT_TARGET = 15.4;
				MTL_ENABLE_DEBUG_INFO = INCLUDE_SOURCE;
				MTL_FAST_MATH = YES;
				ONLY_ACTIVE_ARCH = YES;
				SDKROOT = iphoneos;
				SWIFT_ACTIVE_COMPILATION_CONDITIONS = DEBUG;
				SWIFT_OPTIMIZATION_LEVEL = "-Onone";
			};
			name = Debug;
		};
		F6A0C9A727EEBEBA006C8CAC /* Release */ = {
			isa = XCBuildConfiguration;
			buildSettings = {
				ALWAYS_SEARCH_USER_PATHS = NO;
				CLANG_ANALYZER_NONNULL = YES;
				CLANG_ANALYZER_NUMBER_OBJECT_CONVERSION = YES_AGGRESSIVE;
				CLANG_CXX_LANGUAGE_STANDARD = "gnu++17";
				CLANG_ENABLE_MODULES = YES;
				CLANG_ENABLE_OBJC_ARC = YES;
				CLANG_ENABLE_OBJC_WEAK = YES;
				CLANG_WARN_BLOCK_CAPTURE_AUTORELEASING = YES;
				CLANG_WARN_BOOL_CONVERSION = YES;
				CLANG_WARN_COMMA = YES;
				CLANG_WARN_CONSTANT_CONVERSION = YES;
				CLANG_WARN_DEPRECATED_OBJC_IMPLEMENTATIONS = YES;
				CLANG_WARN_DIRECT_OBJC_ISA_USAGE = YES_ERROR;
				CLANG_WARN_DOCUMENTATION_COMMENTS = YES;
				CLANG_WARN_EMPTY_BODY = YES;
				CLANG_WARN_ENUM_CONVERSION = YES;
				CLANG_WARN_INFINITE_RECURSION = YES;
				CLANG_WARN_INT_CONVERSION = YES;
				CLANG_WARN_NON_LITERAL_NULL_CONVERSION = YES;
				CLANG_WARN_OBJC_IMPLICIT_RETAIN_SELF = YES;
				CLANG_WARN_OBJC_LITERAL_CONVERSION = YES;
				CLANG_WARN_OBJC_ROOT_CLASS = YES_ERROR;
				CLANG_WARN_QUOTED_INCLUDE_IN_FRAMEWORK_HEADER = YES;
				CLANG_WARN_RANGE_LOOP_ANALYSIS = YES;
				CLANG_WARN_STRICT_PROTOTYPES = YES;
				CLANG_WARN_SUSPICIOUS_MOVE = YES;
				CLANG_WARN_UNGUARDED_AVAILABILITY = YES_AGGRESSIVE;
				CLANG_WARN_UNREACHABLE_CODE = YES;
				CLANG_WARN__DUPLICATE_METHOD_MATCH = YES;
				COPY_PHASE_STRIP = NO;
				DEBUG_INFORMATION_FORMAT = "dwarf-with-dsym";
				ENABLE_NS_ASSERTIONS = NO;
				ENABLE_STRICT_OBJC_MSGSEND = YES;
				GCC_C_LANGUAGE_STANDARD = gnu11;
				GCC_NO_COMMON_BLOCKS = YES;
				GCC_WARN_64_TO_32_BIT_CONVERSION = YES;
				GCC_WARN_ABOUT_RETURN_TYPE = YES_ERROR;
				GCC_WARN_UNDECLARED_SELECTOR = YES;
				GCC_WARN_UNINITIALIZED_AUTOS = YES_AGGRESSIVE;
				GCC_WARN_UNUSED_FUNCTION = YES;
				GCC_WARN_UNUSED_VARIABLE = YES;
				IPHONEOS_DEPLOYMENT_TARGET = 15.4;
				MTL_ENABLE_DEBUG_INFO = NO;
				MTL_FAST_MATH = YES;
				SDKROOT = iphoneos;
				SWIFT_COMPILATION_MODE = wholemodule;
				SWIFT_OPTIMIZATION_LEVEL = "-O";
				VALIDATE_PRODUCT = YES;
			};
			name = Release;
		};
		F6A0C9A927EEBEBA006C8CAC /* Debug */ = {
			isa = XCBuildConfiguration;
			baseConfigurationReference = 9248A7567CCF5B9BD87583D6 /* Pods-Instagram.debug.xcconfig */;
			buildSettings = {
				ASSETCATALOG_COMPILER_APPICON_NAME = AppIcon;
				ASSETCATALOG_COMPILER_GLOBAL_ACCENT_COLOR_NAME = AccentColor;
				CODE_SIGN_STYLE = Automatic;
				CURRENT_PROJECT_VERSION = 1;
				DEVELOPMENT_TEAM = W56U667G2H;
				GENERATE_INFOPLIST_FILE = YES;
				INFOPLIST_FILE = Instagram/Info.plist;
				INFOPLIST_KEY_UIApplicationSupportsIndirectInputEvents = YES;
				INFOPLIST_KEY_UILaunchStoryboardName = LaunchScreen;
				INFOPLIST_KEY_UIMainStoryboardFile = Main;
				INFOPLIST_KEY_UISupportedInterfaceOrientations_iPad = "UIInterfaceOrientationPortrait UIInterfaceOrientationPortraitUpsideDown UIInterfaceOrientationLandscapeLeft UIInterfaceOrientationLandscapeRight";
				INFOPLIST_KEY_UISupportedInterfaceOrientations_iPhone = "UIInterfaceOrientationPortrait UIInterfaceOrientationLandscapeLeft UIInterfaceOrientationLandscapeRight";
				LD_RUNPATH_SEARCH_PATHS = (
					"$(inherited)",
					"@executable_path/Frameworks",
				);
				MARKETING_VERSION = 1.0;
				PRODUCT_BUNDLE_IDENTIFIER = starwong.Instagram;
				PRODUCT_NAME = "$(TARGET_NAME)";
				SWIFT_EMIT_LOC_STRINGS = YES;
				SWIFT_VERSION = 5.0;
				TARGETED_DEVICE_FAMILY = "1,2";
			};
			name = Debug;
		};
		F6A0C9AA27EEBEBA006C8CAC /* Release */ = {
			isa = XCBuildConfiguration;
			baseConfigurationReference = 4239F5F8D2ACE716763EC03A /* Pods-Instagram.release.xcconfig */;
			buildSettings = {
				ASSETCATALOG_COMPILER_APPICON_NAME = AppIcon;
				ASSETCATALOG_COMPILER_GLOBAL_ACCENT_COLOR_NAME = AccentColor;
				CODE_SIGN_STYLE = Automatic;
				CURRENT_PROJECT_VERSION = 1;
				DEVELOPMENT_TEAM = W56U667G2H;
				GENERATE_INFOPLIST_FILE = YES;
				INFOPLIST_FILE = Instagram/Info.plist;
				INFOPLIST_KEY_UIApplicationSupportsIndirectInputEvents = YES;
				INFOPLIST_KEY_UILaunchStoryboardName = LaunchScreen;
				INFOPLIST_KEY_UIMainStoryboardFile = Main;
				INFOPLIST_KEY_UISupportedInterfaceOrientations_iPad = "UIInterfaceOrientationPortrait UIInterfaceOrientationPortraitUpsideDown UIInterfaceOrientationLandscapeLeft UIInterfaceOrientationLandscapeRight";
				INFOPLIST_KEY_UISupportedInterfaceOrientations_iPhone = "UIInterfaceOrientationPortrait UIInterfaceOrientationLandscapeLeft UIInterfaceOrientationLandscapeRight";
				LD_RUNPATH_SEARCH_PATHS = (
					"$(inherited)",
					"@executable_path/Frameworks",
				);
				MARKETING_VERSION = 1.0;
				PRODUCT_BUNDLE_IDENTIFIER = starwong.Instagram;
				PRODUCT_NAME = "$(TARGET_NAME)";
				SWIFT_EMIT_LOC_STRINGS = YES;
				SWIFT_VERSION = 5.0;
				TARGETED_DEVICE_FAMILY = "1,2";
			};
			name = Release;
		};
		F6A0C9AC27EEBEBA006C8CAC /* Debug */ = {
			isa = XCBuildConfiguration;
			baseConfigurationReference = D2DD503E38F2633A7DD287BE /* Pods-InstagramTests.debug.xcconfig */;
			buildSettings = {
				ALWAYS_EMBED_SWIFT_STANDARD_LIBRARIES = YES;
				BUNDLE_LOADER = "$(TEST_HOST)";
				CODE_SIGN_STYLE = Automatic;
				CURRENT_PROJECT_VERSION = 1;
				DEVELOPMENT_TEAM = W56U667G2H;
				GENERATE_INFOPLIST_FILE = YES;
				IPHONEOS_DEPLOYMENT_TARGET = 15.4;
				MARKETING_VERSION = 1.0;
				PRODUCT_BUNDLE_IDENTIFIER = starwong.InstagramTests;
				PRODUCT_NAME = "$(TARGET_NAME)";
				SWIFT_EMIT_LOC_STRINGS = NO;
				SWIFT_VERSION = 5.0;
				TARGETED_DEVICE_FAMILY = "1,2";
				TEST_HOST = "$(BUILT_PRODUCTS_DIR)/Instagram.app/Instagram";
			};
			name = Debug;
		};
		F6A0C9AD27EEBEBA006C8CAC /* Release */ = {
			isa = XCBuildConfiguration;
			baseConfigurationReference = 60803972429BF1D22CDD8EC9 /* Pods-InstagramTests.release.xcconfig */;
			buildSettings = {
				ALWAYS_EMBED_SWIFT_STANDARD_LIBRARIES = YES;
				BUNDLE_LOADER = "$(TEST_HOST)";
				CODE_SIGN_STYLE = Automatic;
				CURRENT_PROJECT_VERSION = 1;
				DEVELOPMENT_TEAM = W56U667G2H;
				GENERATE_INFOPLIST_FILE = YES;
				IPHONEOS_DEPLOYMENT_TARGET = 15.4;
				MARKETING_VERSION = 1.0;
				PRODUCT_BUNDLE_IDENTIFIER = starwong.InstagramTests;
				PRODUCT_NAME = "$(TARGET_NAME)";
				SWIFT_EMIT_LOC_STRINGS = NO;
				SWIFT_VERSION = 5.0;
				TARGETED_DEVICE_FAMILY = "1,2";
				TEST_HOST = "$(BUILT_PRODUCTS_DIR)/Instagram.app/Instagram";
			};
			name = Release;
		};
		F6A0C9AF27EEBEBA006C8CAC /* Debug */ = {
			isa = XCBuildConfiguration;
			baseConfigurationReference = 1436DC8D49862F7EC1DA0132 /* Pods-Instagram-InstagramUITests.debug.xcconfig */;
			buildSettings = {
				ALWAYS_EMBED_SWIFT_STANDARD_LIBRARIES = YES;
				CODE_SIGN_STYLE = Automatic;
				CURRENT_PROJECT_VERSION = 1;
				DEVELOPMENT_TEAM = W56U667G2H;
				GENERATE_INFOPLIST_FILE = YES;
				MARKETING_VERSION = 1.0;
				PRODUCT_BUNDLE_IDENTIFIER = starwong.InstagramUITests;
				PRODUCT_NAME = "$(TARGET_NAME)";
				SWIFT_EMIT_LOC_STRINGS = NO;
				SWIFT_VERSION = 5.0;
				TARGETED_DEVICE_FAMILY = "1,2";
				TEST_TARGET_NAME = Instagram;
			};
			name = Debug;
		};
		F6A0C9B027EEBEBA006C8CAC /* Release */ = {
			isa = XCBuildConfiguration;
			baseConfigurationReference = 1B413FF9B7033F91666FD292 /* Pods-Instagram-InstagramUITests.release.xcconfig */;
			buildSettings = {
				ALWAYS_EMBED_SWIFT_STANDARD_LIBRARIES = YES;
				CODE_SIGN_STYLE = Automatic;
				CURRENT_PROJECT_VERSION = 1;
				DEVELOPMENT_TEAM = W56U667G2H;
				GENERATE_INFOPLIST_FILE = YES;
				MARKETING_VERSION = 1.0;
				PRODUCT_BUNDLE_IDENTIFIER = starwong.InstagramUITests;
				PRODUCT_NAME = "$(TARGET_NAME)";
				SWIFT_EMIT_LOC_STRINGS = NO;
				SWIFT_VERSION = 5.0;
				TARGETED_DEVICE_FAMILY = "1,2";
				TEST_TARGET_NAME = Instagram;
			};
			name = Release;
		};
/* End XCBuildConfiguration section */

/* Begin XCConfigurationList section */
		F6A0C97927EEBEB8006C8CAC /* Build configuration list for PBXProject "Instagram" */ = {
			isa = XCConfigurationList;
			buildConfigurations = (
				F6A0C9A627EEBEBA006C8CAC /* Debug */,
				F6A0C9A727EEBEBA006C8CAC /* Release */,
			);
			defaultConfigurationIsVisible = 0;
			defaultConfigurationName = Release;
		};
		F6A0C9A827EEBEBA006C8CAC /* Build configuration list for PBXNativeTarget "Instagram" */ = {
			isa = XCConfigurationList;
			buildConfigurations = (
				F6A0C9A927EEBEBA006C8CAC /* Debug */,
				F6A0C9AA27EEBEBA006C8CAC /* Release */,
			);
			defaultConfigurationIsVisible = 0;
			defaultConfigurationName = Release;
		};
		F6A0C9AB27EEBEBA006C8CAC /* Build configuration list for PBXNativeTarget "InstagramTests" */ = {
			isa = XCConfigurationList;
			buildConfigurations = (
				F6A0C9AC27EEBEBA006C8CAC /* Debug */,
				F6A0C9AD27EEBEBA006C8CAC /* Release */,
			);
			defaultConfigurationIsVisible = 0;
			defaultConfigurationName = Release;
		};
		F6A0C9AE27EEBEBA006C8CAC /* Build configuration list for PBXNativeTarget "InstagramUITests" */ = {
			isa = XCConfigurationList;
			buildConfigurations = (
				F6A0C9AF27EEBEBA006C8CAC /* Debug */,
				F6A0C9B027EEBEBA006C8CAC /* Release */,
			);
			defaultConfigurationIsVisible = 0;
			defaultConfigurationName = Release;
		};
/* End XCConfigurationList section */
	};
	rootObject = F6A0C97627EEBEB8006C8CAC /* Project object */;
}
